
Microsoft Visual Studio Solution File, Format Version 12.00
# Visual Studio Version 17
VisualStudioVersion = 17.4.33213.308
MinimumVisualStudioVersion = 10.0.40219.1
Project("{FAE04EC0-301F-11D3-BF4B-00C04F79EFBC}") = "AuthApi", "AuthApi\AuthApi.csproj", "{BD648F46-224D-4186-8501-FDA33BA2AC5A}"
EndProject
Global
	GlobalSection(SolutionConfigurationPlatforms) = preSolution
		Debug|Any CPU = Debug|Any CPU
		Release|Any CPU = Release|Any CPU
	EndGlobalSection
	GlobalSection(ProjectConfigurationPlatforms) = postSolution
		{BD648F46-224D-4186-8501-FDA33BA2AC5A}.Debug|Any CPU.ActiveCfg = Debug|Any CPU
		{BD648F46-224D-4186-8501-FDA33BA2AC5A}.Debug|Any CPU.Build.0 = Debug|Any CPU
		{BD648F46-224D-4186-8501-FDA33BA2AC5A}.Release|Any CPU.ActiveCfg = Release|Any CPU
		{BD648F46-224D-4186-8501-FDA33BA2AC5A}.Release|Any CPU.Build.0 = Release|Any CPU
	EndGlobalSection
	GlobalSection(SolutionProperties) = preSolution
		HideSolutionNode = FALSE
	EndGlobalSection
	GlobalSection(ExtensibilityGlobals) = postSolution
		SolutionGuid = {CD205C8A-0C4F-476C-B3B7-94453E6419EA}
	EndGlobalSection
EndGlobal
