
Microsoft Visual Studio Solution File, Format Version 12.00
# Visual Studio Version 17
VisualStudioVersion = 17.4.33213.308
MinimumVisualStudioVersion = 10.0.40219.1
Project("{9A19103F-16F7-4668-BE54-9A1E7A4F7556}") = "TeamManagement", "TeamManagement\TeamManagement.csproj", "{28CD4842-9779-478A-9014-B1A79CC6155D}"
EndProject
Project("{FAE04EC0-301F-11D3-BF4B-00C04F79EFBC}") = "Data", "Data\Data.csproj", "{F8674411-12C4-4D08-9B9C-DA9B4037606E}"
EndProject
Project("{FAE04EC0-301F-11D3-BF4B-00C04F79EFBC}") = "Domain", "Domain\Domain.csproj", "{ECC54C04-CF7B-4797-9BD7-817EA9E0EE85}"
EndProject
Global
	GlobalSection(SolutionConfigurationPlatforms) = preSolution
		Debug|Any CPU = Debug|Any CPU
		Release|Any CPU = Release|Any CPU
	EndGlobalSection
	GlobalSection(ProjectConfigurationPlatforms) = postSolution
		{28CD4842-9779-478A-9014-B1A79CC6155D}.Debug|Any CPU.ActiveCfg = Debug|Any CPU
		{28CD4842-9779-478A-9014-B1A79CC6155D}.Debug|Any CPU.Build.0 = Debug|Any CPU
		{28CD4842-9779-478A-9014-B1A79CC6155D}.Release|Any CPU.ActiveCfg = Release|Any CPU
		{28CD4842-9779-478A-9014-B1A79CC6155D}.Release|Any CPU.Build.0 = Release|Any CPU
		{F8674411-12C4-4D08-9B9C-DA9B4037606E}.Debug|Any CPU.ActiveCfg = Debug|Any CPU
		{F8674411-12C4-4D08-9B9C-DA9B4037606E}.Debug|Any CPU.Build.0 = Debug|Any CPU
		{F8674411-12C4-4D08-9B9C-DA9B4037606E}.Release|Any CPU.ActiveCfg = Release|Any CPU
		{F8674411-12C4-4D08-9B9C-DA9B4037606E}.Release|Any CPU.Build.0 = Release|Any CPU
		{ECC54C04-CF7B-4797-9BD7-817EA9E0EE85}.Debug|Any CPU.ActiveCfg = Debug|Any CPU
		{ECC54C04-CF7B-4797-9BD7-817EA9E0EE85}.Debug|Any CPU.Build.0 = Debug|Any CPU
		{ECC54C04-CF7B-4797-9BD7-817EA9E0EE85}.Release|Any CPU.ActiveCfg = Release|Any CPU
		{ECC54C04-CF7B-4797-9BD7-817EA9E0EE85}.Release|Any CPU.Build.0 = Release|Any CPU
	EndGlobalSection
	GlobalSection(SolutionProperties) = preSolution
		HideSolutionNode = FALSE
	EndGlobalSection
	GlobalSection(ExtensibilityGlobals) = postSolution
		SolutionGuid = {8D67C324-BBA7-4A73-879C-25DB2776D0A0}
	EndGlobalSection
EndGlobal
