
Microsoft Visual Studio Solution File, Format Version 12.00
# Visual Studio Version 17
VisualStudioVersion = 17.4.33213.308
MinimumVisualStudioVersion = 10.0.40219.1
Project("{9A19103F-16F7-4668-BE54-9A1E7A4F7556}") = "UserStory_Task_Management", "Sprint_Task_Management\UserStory_Task_Management.csproj", "{D3B9A179-307A-4542-9945-3EEE0FB61C04}"
EndProject
Project("{9A19103F-16F7-4668-BE54-9A1E7A4F7556}") = "Domain", "Domain\Domain.csproj", "{56C6D6EF-304B-4417-882D-FC9D98977F5E}"
EndProject
Project("{9A19103F-16F7-4668-BE54-9A1E7A4F7556}") = "Data", "Data\Data.csproj", "{4E474EDA-F1CD-46CF-AED0-333C5BAB3B79}"
EndProject
Global
	GlobalSection(SolutionConfigurationPlatforms) = preSolution
		Debug|Any CPU = Debug|Any CPU
		Release|Any CPU = Release|Any CPU
	EndGlobalSection
	GlobalSection(ProjectConfigurationPlatforms) = postSolution
		{D3B9A179-307A-4542-9945-3EEE0FB61C04}.Debug|Any CPU.ActiveCfg = Debug|Any CPU
		{D3B9A179-307A-4542-9945-3EEE0FB61C04}.Debug|Any CPU.Build.0 = Debug|Any CPU
		{D3B9A179-307A-4542-9945-3EEE0FB61C04}.Release|Any CPU.ActiveCfg = Release|Any CPU
		{D3B9A179-307A-4542-9945-3EEE0FB61C04}.Release|Any CPU.Build.0 = Release|Any CPU
		{56C6D6EF-304B-4417-882D-FC9D98977F5E}.Debug|Any CPU.ActiveCfg = Debug|Any CPU
		{56C6D6EF-304B-4417-882D-FC9D98977F5E}.Debug|Any CPU.Build.0 = Debug|Any CPU
		{56C6D6EF-304B-4417-882D-FC9D98977F5E}.Release|Any CPU.ActiveCfg = Release|Any CPU
		{56C6D6EF-304B-4417-882D-FC9D98977F5E}.Release|Any CPU.Build.0 = Release|Any CPU
		{4E474EDA-F1CD-46CF-AED0-333C5BAB3B79}.Debug|Any CPU.ActiveCfg = Debug|Any CPU
		{4E474EDA-F1CD-46CF-AED0-333C5BAB3B79}.Debug|Any CPU.Build.0 = Debug|Any CPU
		{4E474EDA-F1CD-46CF-AED0-333C5BAB3B79}.Release|Any CPU.ActiveCfg = Release|Any CPU
		{4E474EDA-F1CD-46CF-AED0-333C5BAB3B79}.Release|Any CPU.Build.0 = Release|Any CPU
	EndGlobalSection
	GlobalSection(SolutionProperties) = preSolution
		HideSolutionNode = FALSE
	EndGlobalSection
	GlobalSection(ExtensibilityGlobals) = postSolution
		SolutionGuid = {2371CDA3-8DCE-4DDF-8BA0-22ADD79F04B6}
	EndGlobalSection
EndGlobal
